
Microsoft Visual Studio Solution File, Format Version 12.00
# Visual Studio 15
VisualStudioVersion = 15.0.28307.168
MinimumVisualStudioVersion = 10.0.40219.1
Project("{FAE04EC0-301F-11D3-BF4B-00C04F79EFBC}") = "HelloWorld", "HelloWorld\HelloWorld.csproj", "{4AE6D9B5-F58B-4829-9FDF-AF45859695A0}"
EndProject
Project("{FAE04EC0-301F-11D3-BF4B-00C04F79EFBC}") = "LayoutContainer", "LayoutContainer\LayoutContainer.csproj", "{615AF737-380B-44B7-8C76-ED0098B16A67}"
EndProject
Project("{FAE04EC0-301F-11D3-BF4B-00C04F79EFBC}") = "ElementBinding", "ElementBinding\ElementBinding.csproj", "{CEE1FC59-EA02-4AB0-ACC1-F3CF1E97E5BC}"
EndProject
Project("{FAE04EC0-301F-11D3-BF4B-00C04F79EFBC}") = "ResourcenUndStyles", "ResourcenUndStyles\ResourcenUndStyles.csproj", "{2D4BDAEE-29CC-4534-81B6-CDDE637DBA7C}"
EndProject
Project("{FAE04EC0-301F-11D3-BF4B-00C04F79EFBC}") = "AusgelagerteResourcen", "AusgelagerteResourcen\AusgelagerteResourcen.csproj", "{AE91234F-CAC2-48A0-AD4B-4AD9C8D70073}"
EndProject
Project("{FAE04EC0-301F-11D3-BF4B-00C04F79EFBC}") = "DataTemplates", "DataTemplates\DataTemplates.csproj", "{AEAFE677-1815-4A2A-8229-8321255D0234}"
EndProject
Project("{FAE04EC0-301F-11D3-BF4B-00C04F79EFBC}") = "MultiBinding", "MultiBinding\MultiBinding.csproj", "{3E835533-87F2-4935-AB23-35256546BDE4}"
EndProject
Global
	GlobalSection(SolutionConfigurationPlatforms) = preSolution
		Debug|Any CPU = Debug|Any CPU
		Release|Any CPU = Release|Any CPU
	EndGlobalSection
	GlobalSection(ProjectConfigurationPlatforms) = postSolution
		{4AE6D9B5-F58B-4829-9FDF-AF45859695A0}.Debug|Any CPU.ActiveCfg = Debug|Any CPU
		{4AE6D9B5-F58B-4829-9FDF-AF45859695A0}.Debug|Any CPU.Build.0 = Debug|Any CPU
		{4AE6D9B5-F58B-4829-9FDF-AF45859695A0}.Release|Any CPU.ActiveCfg = Release|Any CPU
		{4AE6D9B5-F58B-4829-9FDF-AF45859695A0}.Release|Any CPU.Build.0 = Release|Any CPU
		{615AF737-380B-44B7-8C76-ED0098B16A67}.Debug|Any CPU.ActiveCfg = Debug|Any CPU
		{615AF737-380B-44B7-8C76-ED0098B16A67}.Debug|Any CPU.Build.0 = Debug|Any CPU
		{615AF737-380B-44B7-8C76-ED0098B16A67}.Release|Any CPU.ActiveCfg = Release|Any CPU
		{615AF737-380B-44B7-8C76-ED0098B16A67}.Release|Any CPU.Build.0 = Release|Any CPU
		{CEE1FC59-EA02-4AB0-ACC1-F3CF1E97E5BC}.Debug|Any CPU.ActiveCfg = Debug|Any CPU
		{CEE1FC59-EA02-4AB0-ACC1-F3CF1E97E5BC}.Debug|Any CPU.Build.0 = Debug|Any CPU
		{CEE1FC59-EA02-4AB0-ACC1-F3CF1E97E5BC}.Release|Any CPU.ActiveCfg = Release|Any CPU
		{CEE1FC59-EA02-4AB0-ACC1-F3CF1E97E5BC}.Release|Any CPU.Build.0 = Release|Any CPU
		{2D4BDAEE-29CC-4534-81B6-CDDE637DBA7C}.Debug|Any CPU.ActiveCfg = Debug|Any CPU
		{2D4BDAEE-29CC-4534-81B6-CDDE637DBA7C}.Debug|Any CPU.Build.0 = Debug|Any CPU
		{2D4BDAEE-29CC-4534-81B6-CDDE637DBA7C}.Release|Any CPU.ActiveCfg = Release|Any CPU
		{2D4BDAEE-29CC-4534-81B6-CDDE637DBA7C}.Release|Any CPU.Build.0 = Release|Any CPU
		{AE91234F-CAC2-48A0-AD4B-4AD9C8D70073}.Debug|Any CPU.ActiveCfg = Debug|Any CPU
		{AE91234F-CAC2-48A0-AD4B-4AD9C8D70073}.Debug|Any CPU.Build.0 = Debug|Any CPU
		{AE91234F-CAC2-48A0-AD4B-4AD9C8D70073}.Release|Any CPU.ActiveCfg = Release|Any CPU
		{AE91234F-CAC2-48A0-AD4B-4AD9C8D70073}.Release|Any CPU.Build.0 = Release|Any CPU
		{AEAFE677-1815-4A2A-8229-8321255D0234}.Debug|Any CPU.ActiveCfg = Debug|Any CPU
		{AEAFE677-1815-4A2A-8229-8321255D0234}.Debug|Any CPU.Build.0 = Debug|Any CPU
		{AEAFE677-1815-4A2A-8229-8321255D0234}.Release|Any CPU.ActiveCfg = Release|Any CPU
		{AEAFE677-1815-4A2A-8229-8321255D0234}.Release|Any CPU.Build.0 = Release|Any CPU
		{3E835533-87F2-4935-AB23-35256546BDE4}.Debug|Any CPU.ActiveCfg = Debug|Any CPU
		{3E835533-87F2-4935-AB23-35256546BDE4}.Debug|Any CPU.Build.0 = Debug|Any CPU
		{3E835533-87F2-4935-AB23-35256546BDE4}.Release|Any CPU.ActiveCfg = Release|Any CPU
		{3E835533-87F2-4935-AB23-35256546BDE4}.Release|Any CPU.Build.0 = Release|Any CPU
	EndGlobalSection
	GlobalSection(SolutionProperties) = preSolution
		HideSolutionNode = FALSE
	EndGlobalSection
	GlobalSection(ExtensibilityGlobals) = postSolution
		SolutionGuid = {901DD7F6-D158-4819-8440-4BCDF8C0FB55}
	EndGlobalSection
EndGlobal
